
Microsoft Visual Studio Solution File, Format Version 12.00
# Visual Studio Version 17
VisualStudioVersion = 17.8.34525.116
MinimumVisualStudioVersion = 10.0.40219.1
Project("{FAE04EC0-301F-11D3-BF4B-00C04F79EFBC}") = "crud_mvc", "crud_mvc\crud_mvc.csproj", "{D6977F59-59FA-445F-838A-44363FBE0E21}"
EndProject
Global
	GlobalSection(SolutionConfigurationPlatforms) = preSolution
		Debug|Any CPU = Debug|Any CPU
		Release|Any CPU = Release|Any CPU
	EndGlobalSection
	GlobalSection(ProjectConfigurationPlatforms) = postSolution
		{D6977F59-59FA-445F-838A-44363FBE0E21}.Debug|Any CPU.ActiveCfg = Debug|Any CPU
		{D6977F59-59FA-445F-838A-44363FBE0E21}.Debug|Any CPU.Build.0 = Debug|Any CPU
		{D6977F59-59FA-445F-838A-44363FBE0E21}.Release|Any CPU.ActiveCfg = Release|Any CPU
		{D6977F59-59FA-445F-838A-44363FBE0E21}.Release|Any CPU.Build.0 = Release|Any CPU
	EndGlobalSection
	GlobalSection(SolutionProperties) = preSolution
		HideSolutionNode = FALSE
	EndGlobalSection
	GlobalSection(ExtensibilityGlobals) = postSolution
		SolutionGuid = {80B5B2C4-B1B8-4941-8E2F-71E44A4ADE74}
	EndGlobalSection
EndGlobal
